
Microsoft Visual Studio Solution File, Format Version 12.00
# Visual Studio 15
VisualStudioVersion = 15.0.27428.2037
MinimumVisualStudioVersion = 10.0.40219.1
Project("{FAE04EC0-301F-11D3-BF4B-00C04F79EFBC}") = "TelegramBot10.05.2018", "TelegramBot10.05.2018\TelegramBot10.05.2018.csproj", "{5BF5C5BF-72CE-4E56-B66A-DACE05D9868E}"
EndProject
Global
	GlobalSection(SolutionConfigurationPlatforms) = preSolution
		Debug|Any CPU = Debug|Any CPU
		Release|Any CPU = Release|Any CPU
	EndGlobalSection
	GlobalSection(ProjectConfigurationPlatforms) = postSolution
		{5BF5C5BF-72CE-4E56-B66A-DACE05D9868E}.Debug|Any CPU.ActiveCfg = Debug|Any CPU
		{5BF5C5BF-72CE-4E56-B66A-DACE05D9868E}.Debug|Any CPU.Build.0 = Debug|Any CPU
		{5BF5C5BF-72CE-4E56-B66A-DACE05D9868E}.Release|Any CPU.ActiveCfg = Release|Any CPU
		{5BF5C5BF-72CE-4E56-B66A-DACE05D9868E}.Release|Any CPU.Build.0 = Release|Any CPU
	EndGlobalSection
	GlobalSection(SolutionProperties) = preSolution
		HideSolutionNode = FALSE
	EndGlobalSection
	GlobalSection(ExtensibilityGlobals) = postSolution
		SolutionGuid = {E5758242-2751-4D20-8110-00A0F853F6E5}
	EndGlobalSection
EndGlobal
